
Microsoft Visual Studio Solution File, Format Version 11.00
# Visual Studio 2010
Project("{FAE04EC0-301F-11D3-BF4B-00C04F79EFBC}") = "Ayakashi on festival", "Assembly-CSharp-firstpass.csproj", "{CC191C20-F6CE-9D09-9752-403928B8814C}"
EndProject
Project("{FAE04EC0-301F-11D3-BF4B-00C04F79EFBC}") = "Ayakashi on festival", "Assembly-CSharp.csproj", "{518A15F7-6261-440F-6533-0A3A0084C00F}"
EndProject
Project("{FAE04EC0-301F-11D3-BF4B-00C04F79EFBC}") = "Ayakashi on festival", "Assembly-CSharp-Editor.csproj", "{C4D7B414-3FD8-A6F8-F636-7663E478F2BD}"
EndProject
Global
	GlobalSection(SolutionConfigurationPlatforms) = preSolution
		Debug|Any CPU = Debug|Any CPU
		Release|Any CPU = Release|Any CPU
	EndGlobalSection
	GlobalSection(ProjectConfigurationPlatforms) = postSolution
		{CC191C20-F6CE-9D09-9752-403928B8814C}.Debug|Any CPU.ActiveCfg = Debug|Any CPU
		{CC191C20-F6CE-9D09-9752-403928B8814C}.Debug|Any CPU.Build.0 = Debug|Any CPU
		{CC191C20-F6CE-9D09-9752-403928B8814C}.Release|Any CPU.ActiveCfg = Release|Any CPU
		{CC191C20-F6CE-9D09-9752-403928B8814C}.Release|Any CPU.Build.0 = Release|Any CPU
		{518A15F7-6261-440F-6533-0A3A0084C00F}.Debug|Any CPU.ActiveCfg = Debug|Any CPU
		{518A15F7-6261-440F-6533-0A3A0084C00F}.Debug|Any CPU.Build.0 = Debug|Any CPU
		{518A15F7-6261-440F-6533-0A3A0084C00F}.Release|Any CPU.ActiveCfg = Release|Any CPU
		{518A15F7-6261-440F-6533-0A3A0084C00F}.Release|Any CPU.Build.0 = Release|Any CPU
		{C4D7B414-3FD8-A6F8-F636-7663E478F2BD}.Debug|Any CPU.ActiveCfg = Debug|Any CPU
		{C4D7B414-3FD8-A6F8-F636-7663E478F2BD}.Debug|Any CPU.Build.0 = Debug|Any CPU
		{C4D7B414-3FD8-A6F8-F636-7663E478F2BD}.Release|Any CPU.ActiveCfg = Release|Any CPU
		{C4D7B414-3FD8-A6F8-F636-7663E478F2BD}.Release|Any CPU.Build.0 = Release|Any CPU
	EndGlobalSection
	GlobalSection(SolutionProperties) = preSolution
		HideSolutionNode = FALSE
	EndGlobalSection
	GlobalSection(MonoDevelopProperties) = preSolution
		StartupItem = Assembly-CSharp.csproj
	EndGlobalSection
EndGlobal
